<?xml version="1.0" encoding="utf-8"?>
<Project ToolsVersion="4.0" xmlns="http://schemas.microsoft.com/developer/msbuild/2003">
  <ItemGroup>
    <ClCompile Include="dllmain.cpp">
      <Filter>Source Files</Filter>
    </ClCompile>
    <ClCompile Include="AMDTActivityLogger.cpp">
      <Filter>Source Files</Filter>
    </ClCompile>
    <ClCompile Include="AMDTActivityLoggerProfileControl.cpp">
      <Filter>Source Files</Filter>
    </ClCompile>
    <ClCompile Include="AMDTActivityLoggerTimeStamp.cpp">
      <Filter>Source Files</Filter>
    </ClCompile>
  </ItemGroup>
  <ItemGroup>
    <Filter Include="Header Files">
      <UniqueIdentifier>{9f549909-7ee9-443c-a7b7-1faf4460df95}</UniqueIdentifier>
    </Filter>
    <Filter Include="Resource Files">
      <UniqueIdentifier>{6dc965d5-3017-465a-b6df-1b9b6f40c2d5}</UniqueIdentifier>
    </Filter>
    <Filter Include="Source Files">
      <UniqueIdentifier>{c56e9fdb-01fa-4738-9958-5aa58a6e76d1}</UniqueIdentifier>
    </Filter>
  </ItemGroup>
  <ItemGroup>
    <ClInclude Include="resource.h">
      <Filter>Header Files</Filter>
    </ClInclude>
    <ClInclude Include="AMDTActivityLoggerProfileControl.h">
      <Filter>Header Files</Filter>
    </ClInclude>
    <ClInclude Include="CXLActivityLogger.h">
      <Filter>Header Files</Filter>
    </ClInclude>
    <ClInclude Include="AMDTGPUProfilerDefs.h">
      <Filter>Header Files</Filter>
    </ClInclude>
    <ClInclude Include="AMDTActivityLoggerTimeStamp.h">
      <Filter>Header Files</Filter>
    </ClInclude>
  </ItemGroup>
  <ItemGroup>
    <None Include="AMDTActivityLogger.def">
      <Filter>Source Files</Filter>
    </None>
  </ItemGroup>
  <ItemGroup>
    <ResourceCompile Include="..\VersionInfo\VersionResource.rc">
      <Filter>Resource Files</Filter>
    </ResourceCompile>
  </ItemGroup>
</Project>